
Microsoft Visual Studio Solution File, Format Version 12.00
# Visual Studio 15
VisualStudioVersion = 15.0.28010.2026
MinimumVisualStudioVersion = 10.0.40219.1
Project("{FAE04EC0-301F-11D3-BF4B-00C04F79EFBC}") = "MetroRouteScraper", "MetroRouteScraper\MetroRouteScraper.csproj", "{55CF3F97-C781-419D-8AA2-2B35A00AC329}"
EndProject
Global
	GlobalSection(SolutionConfigurationPlatforms) = preSolution
		Debug|Any CPU = Debug|Any CPU
		Release|Any CPU = Release|Any CPU
	EndGlobalSection
	GlobalSection(ProjectConfigurationPlatforms) = postSolution
		{55CF3F97-C781-419D-8AA2-2B35A00AC329}.Debug|Any CPU.ActiveCfg = Debug|Any CPU
		{55CF3F97-C781-419D-8AA2-2B35A00AC329}.Debug|Any CPU.Build.0 = Debug|Any CPU
		{55CF3F97-C781-419D-8AA2-2B35A00AC329}.Release|Any CPU.ActiveCfg = Release|Any CPU
		{55CF3F97-C781-419D-8AA2-2B35A00AC329}.Release|Any CPU.Build.0 = Release|Any CPU
	EndGlobalSection
	GlobalSection(SolutionProperties) = preSolution
		HideSolutionNode = FALSE
	EndGlobalSection
	GlobalSection(ExtensibilityGlobals) = postSolution
		SolutionGuid = {6756D945-3302-4CBA-94FE-1F343F2898B4}
	EndGlobalSection
EndGlobal
